# This file is automatically @generated by Cargo.
# It is not intended for manual editing.
version = 4

[[package]]
name = "secmp-cli"
version = "0.0.0"

[[package]]
name = "secmp-client-core"
version = "0.0.0"

[[package]]
name = "secmp-crypto"
version = "0.0.0"

[[package]]
name = "secmp-proto"
version = "0.0.0"

[[package]]
name = "secmp-relay"
version = "0.0.0"

[[package]]
name = "secmp-store"
version = "0.0.0"

[[package]]
name = "secmp-sys-desktop"
version = "0.0.0"

[[package]]
name = "secmp-sys-mem"
version = "0.0.0"

[[package]]
name = "secmp-testkit"
version = "0.0.0"

[[package]]
name = "secmp-transport"
version = "0.0.0"

[[package]]
name = "secmp-ui"
version = "0.0.0"
